
Microsoft Visual Studio Solution File, Format Version 12.00
# Visual Studio Version 17
VisualStudioVersion = 17.0.32112.339
MinimumVisualStudioVersion = 10.0.40219.1
Project("{FAE04EC0-301F-11D3-BF4B-00C04F79EFBC}") = "Giraffe", "Giraffe\Giraffe.csproj", "{326714F4-6233-40E6-B95C-CB4A895B09DF}"
EndProject
Global
	GlobalSection(SolutionConfigurationPlatforms) = preSolution
		Debug|Any CPU = Debug|Any CPU
		Release|Any CPU = Release|Any CPU
	EndGlobalSection
	GlobalSection(ProjectConfigurationPlatforms) = postSolution
		{326714F4-6233-40E6-B95C-CB4A895B09DF}.Debug|Any CPU.ActiveCfg = Debug|Any CPU
		{326714F4-6233-40E6-B95C-CB4A895B09DF}.Debug|Any CPU.Build.0 = Debug|Any CPU
		{326714F4-6233-40E6-B95C-CB4A895B09DF}.Release|Any CPU.ActiveCfg = Release|Any CPU
		{326714F4-6233-40E6-B95C-CB4A895B09DF}.Release|Any CPU.Build.0 = Release|Any CPU
	EndGlobalSection
	GlobalSection(SolutionProperties) = preSolution
		HideSolutionNode = FALSE
	EndGlobalSection
	GlobalSection(ExtensibilityGlobals) = postSolution
		SolutionGuid = {0F386B60-19E3-4695-AE36-EE8F86091D22}
	EndGlobalSection
EndGlobal
